// !$*UTF8*$!
{
	archiveVersion = 1;
	classes = {
	};
	objectVersion = 46;
	objects = {

/* Begin PBXBuildFile section */
		8BFD971A1CF08CAD008E8C9E /* AppDelegate.swift in Sources */ = {isa = PBXBuildFile; fileRef = 8BFD97191CF08CAD008E8C9E /* AppDelegate.swift */; };
		8BFD971F1CF08CAD008E8C9E /* MasterViewController.swift in Sources */ = {isa = PBXBuildFile; fileRef = 8BFD971E1CF08CAD008E8C9E /* MasterViewController.swift */; };
		8BFD97211CF08CAD008E8C9E /* DetailViewController.swift in Sources */ = {isa = PBXBuildFile; fileRef = 8BFD97201CF08CAD008E8C9E /* DetailViewController.swift */; };
		8BFD97241CF08CAD008E8C9E /* Main.storyboard in Resources */ = {isa = PBXBuildFile; fileRef = 8BFD97221CF08CAD008E8C9E /* Main.storyboard */; };
		8BFD97261CF08CAD008E8C9E /* Assets.xcassets in Resources */ = {isa = PBXBuildFile; fileRef = 8BFD97251CF08CAD008E8C9E /* Assets.xcassets */; };
		8BFD97291CF08CAD008E8C9E /* LaunchScreen.storyboard in Resources */ = {isa = PBXBuildFile; fileRef = 8BFD97271CF08CAD008E8C9E /* LaunchScreen.storyboard */; };
		8BFD97341CF08D9E008E8C9E /* Event.swift in Sources */ = {isa = PBXBuildFile; fileRef = 8BFD97331CF08D9E008E8C9E /* Event.swift */; };
		8BFD976B1CF08E74008E8C9E /* AECoreDataDemo.xcdatamodel in Sources */ = {isa = PBXBuildFile; fileRef = 8BFD976A1CF08E74008E8C9E /* AECoreDataDemo.xcdatamodel */; };
		8BFD97931CF09060008E8C9E /* AERecord.framework in Frameworks */ = {isa = PBXBuildFile; fileRef = 8BFD97871CF09028008E8C9E /* AERecord.framework */; };
		8BFD97941CF09060008E8C9E /* AERecord.framework in Embed Frameworks */ = {isa = PBXBuildFile; fileRef = 8BFD97871CF09028008E8C9E /* AERecord.framework */; settings = {ATTRIBUTES = (CodeSignOnCopy, RemoveHeadersOnCopy, ); }; };
		8BFD97971CF09065008E8C9E /* AECoreDataUI.framework in Frameworks */ = {isa = PBXBuildFile; fileRef = 8BFD97901CF09034008E8C9E /* AECoreDataUI.framework */; };
		8BFD97981CF09065008E8C9E /* AECoreDataUI.framework in Embed Frameworks */ = {isa = PBXBuildFile; fileRef = 8BFD97901CF09034008E8C9E /* AECoreDataUI.framework */; settings = {ATTRIBUTES = (CodeSignOnCopy, RemoveHeadersOnCopy, ); }; };
		8BFD979C1CF090CE008E8C9E /* CustomCollectionViewCell.swift in Sources */ = {isa = PBXBuildFile; fileRef = 8BFD979B1CF090CE008E8C9E /* CustomCollectionViewCell.swift */; };
/* End PBXBuildFile section */

/* Begin PBXContainerItemProxy section */
		8BFD97861CF09028008E8C9E /* PBXContainerItemProxy */ = {
			isa = PBXContainerItemProxy;
			containerPortal = 8BFD97801CF09028008E8C9E /* AERecord.xcodeproj */;
			proxyType = 2;
			remoteGlobalIDString = 8BFD96B01CF0709B008E8C9E;
			remoteInfo = AERecord;
		};
		8BFD97881CF09028008E8C9E /* PBXContainerItemProxy */ = {
			isa = PBXContainerItemProxy;
			containerPortal = 8BFD97801CF09028008E8C9E /* AERecord.xcodeproj */;
			proxyType = 2;
			remoteGlobalIDString = 8BFD96BA1CF0709C008E8C9E;
			remoteInfo = AERecordTests;
		};
		8BFD978F1CF09034008E8C9E /* PBXContainerItemProxy */ = {
			isa = PBXContainerItemProxy;
			containerPortal = 8BFD978A1CF09034008E8C9E /* AECoreDataUI.xcodeproj */;
			proxyType = 2;
			remoteGlobalIDString = 8BFD96E21CF073F8008E8C9E;
			remoteInfo = AECoreDataUI;
		};
		8BFD97911CF09034008E8C9E /* PBXContainerItemProxy */ = {
			isa = PBXContainerItemProxy;
			containerPortal = 8BFD978A1CF09034008E8C9E /* AECoreDataUI.xcodeproj */;
			proxyType = 2;
			remoteGlobalIDString = 8BFD96EC1CF073F8008E8C9E;
			remoteInfo = AECoreDataUITests;
		};
		8BFD97951CF09060008E8C9E /* PBXContainerItemProxy */ = {
			isa = PBXContainerItemProxy;
			containerPortal = 8BFD97801CF09028008E8C9E /* AERecord.xcodeproj */;
			proxyType = 1;
			remoteGlobalIDString = 8BFD96AF1CF0709B008E8C9E;
			remoteInfo = AERecord;
		};
		8BFD97991CF09065008E8C9E /* PBXContainerItemProxy */ = {
			isa = PBXContainerItemProxy;
			containerPortal = 8BFD978A1CF09034008E8C9E /* AECoreDataUI.xcodeproj */;
			proxyType = 1;
			remoteGlobalIDString = 8BFD96E11CF073F8008E8C9E;
			remoteInfo = AECoreDataUI;
		};
/* End PBXContainerItemProxy section */

/* Begin PBXCopyFilesBuildPhase section */
		8BFD97461CF08E00008E8C9E /* Embed Frameworks */ = {
			isa = PBXCopyFilesBuildPhase;
			buildActionMask = 2147483647;
			dstPath = "";
			dstSubfolderSpec = 10;
			files = (
				8BFD97941CF09060008E8C9E /* AERecord.framework in Embed Frameworks */,
				8BFD97981CF09065008E8C9E /* AECoreDataUI.framework in Embed Frameworks */,
			);
			name = "Embed Frameworks";
			runOnlyForDeploymentPostprocessing = 0;
		};
/* End PBXCopyFilesBuildPhase section */

/* Begin PBXFileReference section */
		8BFD97161CF08CAD008E8C9E /* AECoreDataDemo.app */ = {isa = PBXFileReference; explicitFileType = wrapper.application; includeInIndex = 0; path = AECoreDataDemo.app; sourceTree = BUILT_PRODUCTS_DIR; };
		8BFD97191CF08CAD008E8C9E /* AppDelegate.swift */ = {isa = PBXFileReference; lastKnownFileType = sourcecode.swift; path = AppDelegate.swift; sourceTree = "<group>"; };
		8BFD971E1CF08CAD008E8C9E /* MasterViewController.swift */ = {isa = PBXFileReference; lastKnownFileType = sourcecode.swift; path = MasterViewController.swift; sourceTree = "<group>"; };
		8BFD97201CF08CAD008E8C9E /* DetailViewController.swift */ = {isa = PBXFileReference; lastKnownFileType = sourcecode.swift; path = DetailViewController.swift; sourceTree = "<group>"; };
		8BFD97231CF08CAD008E8C9E /* Base */ = {isa = PBXFileReference; lastKnownFileType = file.storyboard; name = Base; path = Base.lproj/Main.storyboard; sourceTree = "<group>"; };
		8BFD97251CF08CAD008E8C9E /* Assets.xcassets */ = {isa = PBXFileReference; lastKnownFileType = folder.assetcatalog; path = Assets.xcassets; sourceTree = "<group>"; };
		8BFD97281CF08CAD008E8C9E /* Base */ = {isa = PBXFileReference; lastKnownFileType = file.storyboard; name = Base; path = Base.lproj/LaunchScreen.storyboard; sourceTree = "<group>"; };
		8BFD972A1CF08CAD008E8C9E /* Info.plist */ = {isa = PBXFileReference; lastKnownFileType = text.plist.xml; path = Info.plist; sourceTree = "<group>"; };
		8BFD97331CF08D9E008E8C9E /* Event.swift */ = {isa = PBXFileReference; fileEncoding = 4; lastKnownFileType = sourcecode.swift; path = Event.swift; sourceTree = "<group>"; };
		8BFD976A1CF08E74008E8C9E /* AECoreDataDemo.xcdatamodel */ = {isa = PBXFileReference; lastKnownFileType = wrapper.xcdatamodel; path = AECoreDataDemo.xcdatamodel; sourceTree = "<group>"; };
		8BFD97801CF09028008E8C9E /* AERecord.xcodeproj */ = {isa = PBXFileReference; lastKnownFileType = "wrapper.pb-project"; name = AERecord.xcodeproj; path = ../AERecord.xcodeproj; sourceTree = "<group>"; };
		8BFD978A1CF09034008E8C9E /* AECoreDataUI.xcodeproj */ = {isa = PBXFileReference; lastKnownFileType = "wrapper.pb-project"; name = AECoreDataUI.xcodeproj; path = AECoreDataUI/AECoreDataUI.xcodeproj; sourceTree = "<group>"; };
		8BFD979B1CF090CE008E8C9E /* CustomCollectionViewCell.swift */ = {isa = PBXFileReference; fileEncoding = 4; lastKnownFileType = sourcecode.swift; path = CustomCollectionViewCell.swift; sourceTree = "<group>"; };
/* End PBXFileReference section */

/* Begin PBXFrameworksBuildPhase section */
		8BFD97131CF08CAD008E8C9E /* Frameworks */ = {
			isa = PBXFrameworksBuildPhase;
			buildActionMask = 2147483647;
			files = (
				8BFD97931CF09060008E8C9E /* AERecord.framework in Frameworks */,
				8BFD97971CF09065008E8C9E /* AECoreDataUI.framework in Frameworks */,
			);
			runOnlyForDeploymentPostprocessing = 0;
		};
/* End PBXFrameworksBuildPhase section */

/* Begin PBXGroup section */
		8BFD970D1CF08CAD008E8C9E = {
			isa = PBXGroup;
			children = (
				8BFD97181CF08CAD008E8C9E /* AECoreDataDemo */,
				8BFD97171CF08CAD008E8C9E /* Products */,
				8BFD97801CF09028008E8C9E /* AERecord.xcodeproj */,
				8BFD978A1CF09034008E8C9E /* AECoreDataUI.xcodeproj */,
			);
			sourceTree = "<group>";
		};
		8BFD97171CF08CAD008E8C9E /* Products */ = {
			isa = PBXGroup;
			children = (
				8BFD97161CF08CAD008E8C9E /* AECoreDataDemo.app */,
			);
			name = Products;
			sourceTree = "<group>";
		};
		8BFD97181CF08CAD008E8C9E /* AECoreDataDemo */ = {
			isa = PBXGroup;
			children = (
				8BFD97191CF08CAD008E8C9E /* AppDelegate.swift */,
				8BFD971E1CF08CAD008E8C9E /* MasterViewController.swift */,
				8BFD97201CF08CAD008E8C9E /* DetailViewController.swift */,
				8BFD979B1CF090CE008E8C9E /* CustomCollectionViewCell.swift */,
				8BFD97321CF08D70008E8C9E /* Resources */,
				8BFD97311CF08D67008E8C9E /* Supporting Files */,
			);
			path = AECoreDataDemo;
			sourceTree = "<group>";
		};
		8BFD97311CF08D67008E8C9E /* Supporting Files */ = {
			isa = PBXGroup;
			children = (
				8BFD97221CF08CAD008E8C9E /* Main.storyboard */,
				8BFD97251CF08CAD008E8C9E /* Assets.xcassets */,
				8BFD97271CF08CAD008E8C9E /* LaunchScreen.storyboard */,
				8BFD972A1CF08CAD008E8C9E /* Info.plist */,
			);
			name = "Supporting Files";
			sourceTree = "<group>";
		};
		8BFD97321CF08D70008E8C9E /* Resources */ = {
			isa = PBXGroup;
			children = (
				8BFD976A1CF08E74008E8C9E /* AECoreDataDemo.xcdatamodel */,
				8BFD97331CF08D9E008E8C9E /* Event.swift */,
			);
			name = Resources;
			sourceTree = "<group>";
		};
		8BFD97811CF09028008E8C9E /* Products */ = {
			isa = PBXGroup;
			children = (
				8BFD97871CF09028008E8C9E /* AERecord.framework */,
				8BFD97891CF09028008E8C9E /* AERecordTests.xctest */,
			);
			name = Products;
			sourceTree = "<group>";
		};
		8BFD978B1CF09034008E8C9E /* Products */ = {
			isa = PBXGroup;
			children = (
				8BFD97901CF09034008E8C9E /* AECoreDataUI.framework */,
				8BFD97921CF09034008E8C9E /* AECoreDataUITests.xctest */,
			);
			name = Products;
			sourceTree = "<group>";
		};
/* End PBXGroup section */

/* Begin PBXNativeTarget section */
		8BFD97151CF08CAD008E8C9E /* AECoreDataDemo */ = {
			isa = PBXNativeTarget;
			buildConfigurationList = 8BFD972D1CF08CAD008E8C9E /* Build configuration list for PBXNativeTarget "AECoreDataDemo" */;
			buildPhases = (
				8BFD97121CF08CAD008E8C9E /* Sources */,
				8BFD97131CF08CAD008E8C9E /* Frameworks */,
				8BFD97141CF08CAD008E8C9E /* Resources */,
				8BFD97461CF08E00008E8C9E /* Embed Frameworks */,
			);
			buildRules = (
			);
			dependencies = (
				8BFD97961CF09060008E8C9E /* PBXTargetDependency */,
				8BFD979A1CF09065008E8C9E /* PBXTargetDependency */,
			);
			name = AECoreDataDemo;
			productName = AECoreDataDemo;
			productReference = 8BFD97161CF08CAD008E8C9E /* AECoreDataDemo.app */;
			productType = "com.apple.product-type.application";
		};
/* End PBXNativeTarget section */

/* Begin PBXProject section */
		8BFD970E1CF08CAD008E8C9E /* Project object */ = {
			isa = PBXProject;
			attributes = {
				LastSwiftUpdateCheck = 0730;
				LastUpgradeCheck = 0730;
				ORGANIZATIONNAME = AE;
				TargetAttributes = {
					8BFD97151CF08CAD008E8C9E = {
						CreatedOnToolsVersion = 7.3.1;
					};
				};
			};
			buildConfigurationList = 8BFD97111CF08CAD008E8C9E /* Build configuration list for PBXProject "AECoreDataDemo" */;
			compatibilityVersion = "Xcode 3.2";
			developmentRegion = English;
			hasScannedForEncodings = 0;
			knownRegions = (
				en,
				Base,
			);
			mainGroup = 8BFD970D1CF08CAD008E8C9E;
			productRefGroup = 8BFD97171CF08CAD008E8C9E /* Products */;
			projectDirPath = "";
			projectReferences = (
				{
					ProductGroup = 8BFD978B1CF09034008E8C9E /* Products */;
					ProjectRef = 8BFD978A1CF09034008E8C9E /* AECoreDataUI.xcodeproj */;
				},
				{
					ProductGroup = 8BFD97811CF09028008E8C9E /* Products */;
					ProjectRef = 8BFD97801CF09028008E8C9E /* AERecord.xcodeproj */;
				},
			);
			projectRoot = "";
			targets = (
				8BFD97151CF08CAD008E8C9E /* AECoreDataDemo */,
			);
		};
/* End PBXProject section */

/* Begin PBXReferenceProxy section */
		8BFD97871CF09028008E8C9E /* AERecord.framework */ = {
			isa = PBXReferenceProxy;
			fileType = wrapper.framework;
			path = AERecord.framework;
			remoteRef = 8BFD97861CF09028008E8C9E /* PBXContainerItemProxy */;
			sourceTree = BUILT_PRODUCTS_DIR;
		};
		8BFD97891CF09028008E8C9E /* AERecordTests.xctest */ = {
			isa = PBXReferenceProxy;
			fileType = wrapper.cfbundle;
			path = AERecordTests.xctest;
			remoteRef = 8BFD97881CF09028008E8C9E /* PBXContainerItemProxy */;
			sourceTree = BUILT_PRODUCTS_DIR;
		};
		8BFD97901CF09034008E8C9E /* AECoreDataUI.framework */ = {
			isa = PBXReferenceProxy;
			fileType = wrapper.framework;
			path = AECoreDataUI.framework;
			remoteRef = 8BFD978F1CF09034008E8C9E /* PBXContainerItemProxy */;
			sourceTree = BUILT_PRODUCTS_DIR;
		};
		8BFD97921CF09034008E8C9E /* AECoreDataUITests.xctest */ = {
			isa = PBXReferenceProxy;
			fileType = wrapper.cfbundle;
			path = AECoreDataUITests.xctest;
			remoteRef = 8BFD97911CF09034008E8C9E /* PBXContainerItemProxy */;
			sourceTree = BUILT_PRODUCTS_DIR;
		};
/* End PBXReferenceProxy section */

/* Begin PBXResourcesBuildPhase section */
		8BFD97141CF08CAD008E8C9E /* Resources */ = {
			isa = PBXResourcesBuildPhase;
			buildActionMask = 2147483647;
			files = (
				8BFD97291CF08CAD008E8C9E /* LaunchScreen.storyboard in Resources */,
				8BFD97261CF08CAD008E8C9E /* Assets.xcassets in Resources */,
				8BFD97241CF08CAD008E8C9E /* Main.storyboard in Resources */,
			);
			runOnlyForDeploymentPostprocessing = 0;
		};
/* End PBXResourcesBuildPhase section */

/* Begin PBXSourcesBuildPhase section */
		8BFD97121CF08CAD008E8C9E /* Sources */ = {
			isa = PBXSourcesBuildPhase;
			buildActionMask = 2147483647;
			files = (
				8BFD976B1CF08E74008E8C9E /* AECoreDataDemo.xcdatamodel in Sources */,
				8BFD979C1CF090CE008E8C9E /* CustomCollectionViewCell.swift in Sources */,
				8BFD971A1CF08CAD008E8C9E /* AppDelegate.swift in Sources */,
				8BFD971F1CF08CAD008E8C9E /* MasterViewController.swift in Sources */,
				8BFD97211CF08CAD008E8C9E /* DetailViewController.swift in Sources */,
				8BFD97341CF08D9E008E8C9E /* Event.swift in Sources */,
			);
			runOnlyForDeploymentPostprocessing = 0;
		};
/* End PBXSourcesBuildPhase section */

/* Begin PBXTargetDependency section */
		8BFD97961CF09060008E8C9E /* PBXTargetDependency */ = {
			isa = PBXTargetDependency;
			name = AERecord;
			targetProxy = 8BFD97951CF09060008E8C9E /* PBXContainerItemProxy */;
		};
		8BFD979A1CF09065008E8C9E /* PBXTargetDependency */ = {
			isa = PBXTargetDependency;
			name = AECoreDataUI;
			targetProxy = 8BFD97991CF09065008E8C9E /* PBXContainerItemProxy */;
		};
/* End PBXTargetDependency section */

/* Begin PBXVariantGroup section */
		8BFD97221CF08CAD008E8C9E /* Main.storyboard */ = {
			isa = PBXVariantGroup;
			children = (
				8BFD97231CF08CAD008E8C9E /* Base */,
			);
			name = Main.storyboard;
			sourceTree = "<group>";
		};
		8BFD97271CF08CAD008E8C9E /* LaunchScreen.storyboard */ = {
			isa = PBXVariantGroup;
			children = (
				8BFD97281CF08CAD008E8C9E /* Base */,
			);
			name = LaunchScreen.storyboard;
			sourceTree = "<group>";
		};
/* End PBXVariantGroup section */

/* Begin XCBuildConfiguration section */
		8BFD972B1CF08CAD008E8C9E /* Debug */ = {
			isa = XCBuildConfiguration;
			buildSettings = {
				ALWAYS_SEARCH_USER_PATHS = NO;
				CLANG_ANALYZER_NONNULL = YES;
				CLANG_CXX_LANGUAGE_STANDARD = "gnu++0x";
				CLANG_CXX_LIBRARY = "libc++";
				CLANG_ENABLE_MODULES = YES;
				CLANG_ENABLE_OBJC_ARC = YES;
				CLANG_WARN_BOOL_CONVERSION = YES;
				CLANG_WARN_CONSTANT_CONVERSION = YES;
				CLANG_WARN_DIRECT_OBJC_ISA_USAGE = YES_ERROR;
				CLANG_WARN_EMPTY_BODY = YES;
				CLANG_WARN_ENUM_CONVERSION = YES;
				CLANG_WARN_INT_CONVERSION = YES;
				CLANG_WARN_OBJC_ROOT_CLASS = YES_ERROR;
				CLANG_WARN_UNREACHABLE_CODE = YES;
				CLANG_WARN__DUPLICATE_METHOD_MATCH = YES;
				"CODE_SIGN_IDENTITY[sdk=iphoneos*]" = "iPhone Developer";
				COPY_PHASE_STRIP = NO;
				DEBUG_INFORMATION_FORMAT = dwarf;
				ENABLE_STRICT_OBJC_MSGSEND = YES;
				ENABLE_TESTABILITY = YES;
				GCC_C_LANGUAGE_STANDARD = gnu99;
				GCC_DYNAMIC_NO_PIC = NO;
				GCC_NO_COMMON_BLOCKS = YES;
				GCC_OPTIMIZATION_LEVEL = 0;
				GCC_PREPROCESSOR_DEFINITIONS = (
					"DEBUG=1",
					"$(inherited)",
				);
				GCC_WARN_64_TO_32_BIT_CONVERSION = YES;
				GCC_WARN_ABOUT_RETURN_TYPE = YES_ERROR;
				GCC_WARN_UNDECLARED_SELECTOR = YES;
				GCC_WARN_UNINITIALIZED_AUTOS = YES_AGGRESSIVE;
				GCC_WARN_UNUSED_FUNCTION = YES;
				GCC_WARN_UNUSED_VARIABLE = YES;
				IPHONEOS_DEPLOYMENT_TARGET = 8.0;
				MTL_ENABLE_DEBUG_INFO = YES;
				ONLY_ACTIVE_ARCH = YES;
				SDKROOT = iphoneos;
				SWIFT_OPTIMIZATION_LEVEL = "-Onone";
				TARGETED_DEVICE_FAMILY = "1,2";
			};
			name = Debug;
		};
		8BFD972C1CF08CAD008E8C9E /* Release */ = {
			isa = XCBuildConfiguration;
			buildSettings = {
				ALWAYS_SEARCH_USER_PATHS = NO;
				CLANG_ANALYZER_NONNULL = YES;
				CLANG_CXX_LANGUAGE_STANDARD = "gnu++0x";
				CLANG_CXX_LIBRARY = "libc++";
				CLANG_ENABLE_MODULES = YES;
				CLANG_ENABLE_OBJC_ARC = YES;
				CLANG_WARN_BOOL_CONVERSION = YES;
				CLANG_WARN_CONSTANT_CONVERSION = YES;
				CLANG_WARN_DIRECT_OBJC_ISA_USAGE = YES_ERROR;
				CLANG_WARN_EMPTY_BODY = YES;
				CLANG_WARN_ENUM_CONVERSION = YES;
				CLANG_WARN_INT_CONVERSION = YES;
				CLANG_WARN_OBJC_ROOT_CLASS = YES_ERROR;
				CLANG_WARN_UNREACHABLE_CODE = YES;
				CLANG_WARN__DUPLICATE_METHOD_MATCH = YES;
				"CODE_SIGN_IDENTITY[sdk=iphoneos*]" = "iPhone Developer";
				COPY_PHASE_STRIP = NO;
				DEBUG_INFORMATION_FORMAT = "dwarf-with-dsym";
				ENABLE_NS_ASSERTIONS = NO;
				ENABLE_STRICT_OBJC_MSGSEND = YES;
				GCC_C_LANGUAGE_STANDARD = gnu99;
				GCC_NO_COMMON_BLOCKS = YES;
				GCC_WARN_64_TO_32_BIT_CONVERSION = YES;
				GCC_WARN_ABOUT_RETURN_TYPE = YES_ERROR;
				GCC_WARN_UNDECLARED_SELECTOR = YES;
				GCC_WARN_UNINITIALIZED_AUTOS = YES_AGGRESSIVE;
				GCC_WARN_UNUSED_FUNCTION = YES;
				GCC_WARN_UNUSED_VARIABLE = YES;
				IPHONEOS_DEPLOYMENT_TARGET = 8.0;
				MTL_ENABLE_DEBUG_INFO = NO;
				SDKROOT = iphoneos;
				TARGETED_DEVICE_FAMILY = "1,2";
				VALIDATE_PRODUCT = YES;
			};
			name = Release;
		};
		8BFD972E1CF08CAD008E8C9E /* Debug */ = {
			isa = XCBuildConfiguration;
			buildSettings = {
				ASSETCATALOG_COMPILER_APPICON_NAME = AppIcon;
				EMBEDDED_CONTENT_CONTAINS_SWIFT = YES;
				INFOPLIST_FILE = AECoreDataDemo/Info.plist;
				LD_RUNPATH_SEARCH_PATHS = "$(inherited) @executable_path/Frameworks";
				PRODUCT_BUNDLE_IDENTIFIER = net.tadija.AECoreDataDemo;
				PRODUCT_NAME = "$(TARGET_NAME)";
			};
			name = Debug;
		};
		8BFD972F1CF08CAD008E8C9E /* Release */ = {
			isa = XCBuildConfiguration;
			buildSettings = {
				ASSETCATALOG_COMPILER_APPICON_NAME = AppIcon;
				EMBEDDED_CONTENT_CONTAINS_SWIFT = YES;
				INFOPLIST_FILE = AECoreDataDemo/Info.plist;
				LD_RUNPATH_SEARCH_PATHS = "$(inherited) @executable_path/Frameworks";
				PRODUCT_BUNDLE_IDENTIFIER = net.tadija.AECoreDataDemo;
				PRODUCT_NAME = "$(TARGET_NAME)";
			};
			name = Release;
		};
/* End XCBuildConfiguration section */

/* Begin XCConfigurationList section */
		8BFD97111CF08CAD008E8C9E /* Build configuration list for PBXProject "AECoreDataDemo" */ = {
			isa = XCConfigurationList;
			buildConfigurations = (
				8BFD972B1CF08CAD008E8C9E /* Debug */,
				8BFD972C1CF08CAD008E8C9E /* Release */,
			);
			defaultConfigurationIsVisible = 0;
			defaultConfigurationName = Release;
		};
		8BFD972D1CF08CAD008E8C9E /* Build configuration list for PBXNativeTarget "AECoreDataDemo" */ = {
			isa = XCConfigurationList;
			buildConfigurations = (
				8BFD972E1CF08CAD008E8C9E /* Debug */,
				8BFD972F1CF08CAD008E8C9E /* Release */,
			);
			defaultConfigurationIsVisible = 0;
			defaultConfigurationName = Release;
		};
/* End XCConfigurationList section */
	};
	rootObject = 8BFD970E1CF08CAD008E8C9E /* Project object */;
}
